
Microsoft Visual Studio Solution File, Format Version 12.00
# Visual Studio Version 17
VisualStudioVersion = 17.8.34316.72
MinimumVisualStudioVersion = 10.0.40219.1
Project("{FAE04EC0-301F-11D3-BF4B-00C04F79EFBC}") = "NQueenProblem", "NQueenProblem\NQueenProblem.csproj", "{8B81BBA4-BE6B-451D-AEB4-5A73CFF0A5C4}"
EndProject
Project("{FAE04EC0-301F-11D3-BF4B-00C04F79EFBC}") = "StringPermutations", "StringPermutations\StringPermutations.csproj", "{45731E88-245C-43DE-8299-38EA67BD92E7}"
EndProject
Project("{FAE04EC0-301F-11D3-BF4B-00C04F79EFBC}") = "CommonLib", "..\CommonLib\CommonLib.csproj", "{897933D4-E307-4D4D-A387-19716CA11121}"
EndProject
Global
	GlobalSection(SolutionConfigurationPlatforms) = preSolution
		Debug|Any CPU = Debug|Any CPU
		Release|Any CPU = Release|Any CPU
	EndGlobalSection
	GlobalSection(ProjectConfigurationPlatforms) = postSolution
		{8B81BBA4-BE6B-451D-AEB4-5A73CFF0A5C4}.Debug|Any CPU.ActiveCfg = Debug|Any CPU
		{8B81BBA4-BE6B-451D-AEB4-5A73CFF0A5C4}.Debug|Any CPU.Build.0 = Debug|Any CPU
		{8B81BBA4-BE6B-451D-AEB4-5A73CFF0A5C4}.Release|Any CPU.ActiveCfg = Release|Any CPU
		{8B81BBA4-BE6B-451D-AEB4-5A73CFF0A5C4}.Release|Any CPU.Build.0 = Release|Any CPU
		{45731E88-245C-43DE-8299-38EA67BD92E7}.Debug|Any CPU.ActiveCfg = Debug|Any CPU
		{45731E88-245C-43DE-8299-38EA67BD92E7}.Debug|Any CPU.Build.0 = Debug|Any CPU
		{45731E88-245C-43DE-8299-38EA67BD92E7}.Release|Any CPU.ActiveCfg = Release|Any CPU
		{45731E88-245C-43DE-8299-38EA67BD92E7}.Release|Any CPU.Build.0 = Release|Any CPU
		{897933D4-E307-4D4D-A387-19716CA11121}.Debug|Any CPU.ActiveCfg = Debug|Any CPU
		{897933D4-E307-4D4D-A387-19716CA11121}.Debug|Any CPU.Build.0 = Debug|Any CPU
		{897933D4-E307-4D4D-A387-19716CA11121}.Release|Any CPU.ActiveCfg = Release|Any CPU
		{897933D4-E307-4D4D-A387-19716CA11121}.Release|Any CPU.Build.0 = Release|Any CPU
	EndGlobalSection
	GlobalSection(SolutionProperties) = preSolution
		HideSolutionNode = FALSE
	EndGlobalSection
	GlobalSection(ExtensibilityGlobals) = postSolution
		SolutionGuid = {D27F4716-F3AD-4737-BB34-C70924690E4E}
	EndGlobalSection
EndGlobal
